{
  "name": "todos",
  "lockfileVersion": 3,
  "requires": true,
  "packages": {
    "": {
      "dependencies": {
        "@capacitor/camera": "^5.0.4",
        "@capacitor/filesystem": "^5.0.4",
        "@capacitor/preferences": "^5.0.4"
      }
    },
    "node_modules/@capacitor/camera": {
      "version": "5.0.4",
      "resolved": "https://registry.npmjs.org/@capacitor/camera/-/camera-5.0.4.tgz",
      "integrity": "sha512-Sl4PpoRv/FahCTugjyCZQ8MMH9Tgh5ySr8ZqY59mFKReoCu7xKnp9Ue8D8mzR9nE08gRiUBMqtl5FJbJR2f+Yg==",
      "peerDependencies": {
        "@capacitor/core": "^5.0.0"
      }
    },
    "node_modules/@capacitor/core": {
      "version": "5.0.5",
      "resolved": "https://registry.npmjs.org/@capacitor/core/-/core-5.0.5.tgz",
      "integrity": "sha512-sulwWXEhYI6cBIj1WnH9k+a8z1f4XTRDtdh3YfXNdeV36UT7T55GCeGrPoQMm7ww6iWyGuv1VEzVIuZFga8rtw==",
      "peer": true,
      "dependencies": {
        "tslib": "^2.1.0"
      }
    },
    "node_modules/@capacitor/filesystem": {
      "version": "5.0.4",
      "resolved": "https://registry.npmjs.org/@capacitor/filesystem/-/filesystem-5.0.4.tgz",
      "integrity": "sha512-dsmy8Hz19+SMI5hwTzHto3TXT3ckbgCJ5kfI4oel73yyn3G7zjdKZuHoZRINoX1BbFNSZryzpbMQ69lSOLCpnQ==",
      "peerDependencies": {
        "@capacitor/core": "^5.0.0"
      }
    },
    "node_modules/@capacitor/preferences": {
      "version": "5.0.4",
      "resolved": "https://registry.npmjs.org/@capacitor/preferences/-/preferences-5.0.4.tgz",
      "integrity": "sha512-GV3QysJ724GO/CE8KHRYdq8tpzCrJWKVtOJGkLoPt+qlr88SNN+ayNMXlZE1LCMJ5eevdWDreSjQXiYfkUvnoA==",
      "peerDependencies": {
        "@capacitor/core": "^5.0.0"
      }
    },
    "node_modules/tslib": {
      "version": "2.5.3",
      "resolved": "https://registry.npmjs.org/tslib/-/tslib-2.5.3.tgz",
      "integrity": "sha512-mSxlJJwl3BMEQCUNnxXBU9jP4JBktcEGhURcPR6VQVlnP0FdDEsIaz0C35dXNGLyRfrATNofF0F5p2KPxQgB+w==",
      "peer": true
    }
  }
}
